
Microsoft Visual Studio Solution File, Format Version 12.00
# Visual Studio Version 16
VisualStudioVersion = 16.0.29411.108
MinimumVisualStudioVersion = 10.0.40219.1
Project("{FAE04EC0-301F-11D3-BF4B-00C04F79EFBC}") = "Project2B", "Project2B.csproj", "{5FEB4D20-9045-453E-B4AD-F71B9A52906D}"
EndProject
Global
	GlobalSection(SolutionConfigurationPlatforms) = preSolution
		Debug|Any CPU = Debug|Any CPU
		Release|Any CPU = Release|Any CPU
	EndGlobalSection
	GlobalSection(ProjectConfigurationPlatforms) = postSolution
		{5FEB4D20-9045-453E-B4AD-F71B9A52906D}.Debug|Any CPU.ActiveCfg = Debug|Any CPU
		{5FEB4D20-9045-453E-B4AD-F71B9A52906D}.Debug|Any CPU.Build.0 = Debug|Any CPU
		{5FEB4D20-9045-453E-B4AD-F71B9A52906D}.Release|Any CPU.ActiveCfg = Release|Any CPU
		{5FEB4D20-9045-453E-B4AD-F71B9A52906D}.Release|Any CPU.Build.0 = Release|Any CPU
	EndGlobalSection
	GlobalSection(SolutionProperties) = preSolution
		HideSolutionNode = FALSE
	EndGlobalSection
	GlobalSection(ExtensibilityGlobals) = postSolution
		SolutionGuid = {5A003FE2-9AF8-4954-BBAD-A90848CC8F0F}
	EndGlobalSection
EndGlobal
